// !$*UTF8*$!
{
	archiveVersion = 1;
	classes = {
	};
	objectVersion = 56;
	objects = {

/* Begin PBXBuildFile section */
		3A260051E26586CAD506C1C4 /* Pods_AllergyDetector.framework in Frameworks */ = {isa = PBXBuildFile; fileRef = 6151AE9E75DC36DDCB300247 /* Pods_AllergyDetector.framework */; };
		A33B06102C8B2387004B57F3 /* AppDelegate.swift in Sources */ = {isa = PBXBuildFile; fileRef = A33B060F2C8B2387004B57F3 /* AppDelegate.swift */; };
		A33B06122C8B2387004B57F3 /* SceneDelegate.swift in Sources */ = {isa = PBXBuildFile; fileRef = A33B06112C8B2387004B57F3 /* SceneDelegate.swift */; };
		A33B06142C8B2387004B57F3 /* PatientProfileViewController.swift in Sources */ = {isa = PBXBuildFile; fileRef = A33B06132C8B2387004B57F3 /* PatientProfileViewController.swift */; };
		A33B06172C8B2387004B57F3 /* Main.storyboard in Resources */ = {isa = PBXBuildFile; fileRef = A33B06152C8B2387004B57F3 /* Main.storyboard */; };
		A33B06192C8B2389004B57F3 /* Assets.xcassets in Resources */ = {isa = PBXBuildFile; fileRef = A33B06182C8B2389004B57F3 /* Assets.xcassets */; };
		A33B061C2C8B2389004B57F3 /* LaunchScreen.storyboard in Resources */ = {isa = PBXBuildFile; fileRef = A33B061A2C8B2389004B57F3 /* LaunchScreen.storyboard */; };
		A33B06272C8B2439004B57F3 /* Allergy.swift in Sources */ = {isa = PBXBuildFile; fileRef = A33B06262C8B2439004B57F3 /* Allergy.swift */; };
		A33B062A2C8B2489004B57F3 /* Patient.swift in Sources */ = {isa = PBXBuildFile; fileRef = A33B06292C8B2489004B57F3 /* Patient.swift */; };
		A34362A32C8F14F2009A282B /* SignViewController.swift in Sources */ = {isa = PBXBuildFile; fileRef = A34362A22C8F14F2009A282B /* SignViewController.swift */; };
		A34362A62C8F1D1E009A282B /* SignViewModel.swift in Sources */ = {isa = PBXBuildFile; fileRef = A34362A52C8F1D1E009A282B /* SignViewModel.swift */; };
		A34362A82C8F1D2E009A282B /* PatientProfileViewModel.swift in Sources */ = {isa = PBXBuildFile; fileRef = A34362A72C8F1D2E009A282B /* PatientProfileViewModel.swift */; };
		A3AD4A5B2C91BD9D005C6501 /* GoogleService-Info.plist in Resources */ = {isa = PBXBuildFile; fileRef = A3AD4A5A2C91BD9D005C6501 /* GoogleService-Info.plist */; };
		A3AD4A5D2C91C192005C6501 /* StoreKit.framework in Frameworks */ = {isa = PBXBuildFile; fileRef = A3AD4A5C2C91C191005C6501 /* StoreKit.framework */; };
		A3B93CEB2CA5875C00D8F2A3 /* PatientCollectionViewCell.swift in Sources */ = {isa = PBXBuildFile; fileRef = A3B93CE92CA5875C00D8F2A3 /* PatientCollectionViewCell.swift */; };
		A3B93CEC2CA5875C00D8F2A3 /* PatientCollectionViewCell.xib in Resources */ = {isa = PBXBuildFile; fileRef = A3B93CEA2CA5875C00D8F2A3 /* PatientCollectionViewCell.xib */; };
		A3B93CEE2CAAF27D00D8F2A3 /* AllergyViewController.swift in Sources */ = {isa = PBXBuildFile; fileRef = A3B93CED2CAAF27D00D8F2A3 /* AllergyViewController.swift */; };
		A3B93CF12CAC044300D8F2A3 /* AllergyTableViewCell.swift in Sources */ = {isa = PBXBuildFile; fileRef = A3B93CEF2CAC044300D8F2A3 /* AllergyTableViewCell.swift */; };
		A3B93CF22CAC044300D8F2A3 /* AllergyTableViewCell.xib in Resources */ = {isa = PBXBuildFile; fileRef = A3B93CF02CAC044300D8F2A3 /* AllergyTableViewCell.xib */; };
		A3B93CF42CAC06B600D8F2A3 /* AllergyViewModel.swift in Sources */ = {isa = PBXBuildFile; fileRef = A3B93CF32CAC06B600D8F2A3 /* AllergyViewModel.swift */; };
/* End PBXBuildFile section */

/* Begin PBXFileReference section */
		6151AE9E75DC36DDCB300247 /* Pods_AllergyDetector.framework */ = {isa = PBXFileReference; explicitFileType = wrapper.framework; includeInIndex = 0; path = Pods_AllergyDetector.framework; sourceTree = BUILT_PRODUCTS_DIR; };
		8CCAE52697A623D9724A3529 /* Pods-AllergyDetector.debug.xcconfig */ = {isa = PBXFileReference; includeInIndex = 1; lastKnownFileType = text.xcconfig; name = "Pods-AllergyDetector.debug.xcconfig"; path = "Target Support Files/Pods-AllergyDetector/Pods-AllergyDetector.debug.xcconfig"; sourceTree = "<group>"; };
		982CE7DDF09BB6784364468F /* Pods-AllergyDetector.release.xcconfig */ = {isa = PBXFileReference; includeInIndex = 1; lastKnownFileType = text.xcconfig; name = "Pods-AllergyDetector.release.xcconfig"; path = "Target Support Files/Pods-AllergyDetector/Pods-AllergyDetector.release.xcconfig"; sourceTree = "<group>"; };
		A33B060C2C8B2387004B57F3 /* AllergyDetector.app */ = {isa = PBXFileReference; explicitFileType = wrapper.application; includeInIndex = 0; path = AllergyDetector.app; sourceTree = BUILT_PRODUCTS_DIR; };
		A33B060F2C8B2387004B57F3 /* AppDelegate.swift */ = {isa = PBXFileReference; lastKnownFileType = sourcecode.swift; path = AppDelegate.swift; sourceTree = "<group>"; };
		A33B06112C8B2387004B57F3 /* SceneDelegate.swift */ = {isa = PBXFileReference; lastKnownFileType = sourcecode.swift; path = SceneDelegate.swift; sourceTree = "<group>"; };
		A33B06132C8B2387004B57F3 /* PatientProfileViewController.swift */ = {isa = PBXFileReference; lastKnownFileType = sourcecode.swift; path = PatientProfileViewController.swift; sourceTree = "<group>"; };
		A33B06162C8B2387004B57F3 /* Base */ = {isa = PBXFileReference; lastKnownFileType = file.storyboard; name = Base; path = Base.lproj/Main.storyboard; sourceTree = "<group>"; };
		A33B06182C8B2389004B57F3 /* Assets.xcassets */ = {isa = PBXFileReference; lastKnownFileType = folder.assetcatalog; path = Assets.xcassets; sourceTree = "<group>"; };
		A33B061B2C8B2389004B57F3 /* Base */ = {isa = PBXFileReference; lastKnownFileType = file.storyboard; name = Base; path = Base.lproj/LaunchScreen.storyboard; sourceTree = "<group>"; };
		A33B061D2C8B2389004B57F3 /* Info.plist */ = {isa = PBXFileReference; lastKnownFileType = text.plist.xml; path = Info.plist; sourceTree = "<group>"; };
		A33B06262C8B2439004B57F3 /* Allergy.swift */ = {isa = PBXFileReference; lastKnownFileType = sourcecode.swift; path = Allergy.swift; sourceTree = "<group>"; };
		A33B06292C8B2489004B57F3 /* Patient.swift */ = {isa = PBXFileReference; lastKnownFileType = sourcecode.swift; path = Patient.swift; sourceTree = "<group>"; };
		A34362A22C8F14F2009A282B /* SignViewController.swift */ = {isa = PBXFileReference; lastKnownFileType = sourcecode.swift; path = SignViewController.swift; sourceTree = "<group>"; };
		A34362A52C8F1D1E009A282B /* SignViewModel.swift */ = {isa = PBXFileReference; lastKnownFileType = sourcecode.swift; path = SignViewModel.swift; sourceTree = "<group>"; };
		A34362A72C8F1D2E009A282B /* PatientProfileViewModel.swift */ = {isa = PBXFileReference; lastKnownFileType = sourcecode.swift; path = PatientProfileViewModel.swift; sourceTree = "<group>"; };
		A3AD4A5A2C91BD9D005C6501 /* GoogleService-Info.plist */ = {isa = PBXFileReference; fileEncoding = 4; lastKnownFileType = text.plist.xml; path = "GoogleService-Info.plist"; sourceTree = "<group>"; };
		A3AD4A5C2C91C191005C6501 /* StoreKit.framework */ = {isa = PBXFileReference; lastKnownFileType = wrapper.framework; name = StoreKit.framework; path = System/Library/Frameworks/StoreKit.framework; sourceTree = SDKROOT; };
		A3B93CE92CA5875C00D8F2A3 /* PatientCollectionViewCell.swift */ = {isa = PBXFileReference; lastKnownFileType = sourcecode.swift; path = PatientCollectionViewCell.swift; sourceTree = "<group>"; };
		A3B93CEA2CA5875C00D8F2A3 /* PatientCollectionViewCell.xib */ = {isa = PBXFileReference; lastKnownFileType = file.xib; path = PatientCollectionViewCell.xib; sourceTree = "<group>"; };
		A3B93CED2CAAF27D00D8F2A3 /* AllergyViewController.swift */ = {isa = PBXFileReference; lastKnownFileType = sourcecode.swift; path = AllergyViewController.swift; sourceTree = "<group>"; };
		A3B93CEF2CAC044300D8F2A3 /* AllergyTableViewCell.swift */ = {isa = PBXFileReference; lastKnownFileType = sourcecode.swift; path = AllergyTableViewCell.swift; sourceTree = "<group>"; };
		A3B93CF02CAC044300D8F2A3 /* AllergyTableViewCell.xib */ = {isa = PBXFileReference; lastKnownFileType = file.xib; path = AllergyTableViewCell.xib; sourceTree = "<group>"; };
		A3B93CF32CAC06B600D8F2A3 /* AllergyViewModel.swift */ = {isa = PBXFileReference; lastKnownFileType = sourcecode.swift; path = AllergyViewModel.swift; sourceTree = "<group>"; };
/* End PBXFileReference section */

/* Begin PBXFrameworksBuildPhase section */
		A33B06092C8B2387004B57F3 /* Frameworks */ = {
			isa = PBXFrameworksBuildPhase;
			buildActionMask = 2147483647;
			files = (
				3A260051E26586CAD506C1C4 /* Pods_AllergyDetector.framework in Frameworks */,
				A3AD4A5D2C91C192005C6501 /* StoreKit.framework in Frameworks */,
			);
			runOnlyForDeploymentPostprocessing = 0;
		};
/* End PBXFrameworksBuildPhase section */

/* Begin PBXGroup section */
		7C5B9FDBD2FFDA7B1AB8CB0C /* Frameworks */ = {
			isa = PBXGroup;
			children = (
				A3AD4A5C2C91C191005C6501 /* StoreKit.framework */,
				6151AE9E75DC36DDCB300247 /* Pods_AllergyDetector.framework */,
			);
			name = Frameworks;
			sourceTree = "<group>";
		};
		A33B06032C8B2387004B57F3 = {
			isa = PBXGroup;
			children = (
				A33B060E2C8B2387004B57F3 /* AllergyDetector */,
				A33B060D2C8B2387004B57F3 /* Products */,
				DF44E39ED938D15608071367 /* Pods */,
				7C5B9FDBD2FFDA7B1AB8CB0C /* Frameworks */,
			);
			sourceTree = "<group>";
		};
		A33B060D2C8B2387004B57F3 /* Products */ = {
			isa = PBXGroup;
			children = (
				A33B060C2C8B2387004B57F3 /* AllergyDetector.app */,
			);
			name = Products;
			sourceTree = "<group>";
		};
		A33B060E2C8B2387004B57F3 /* AllergyDetector */ = {
			isa = PBXGroup;
			children = (
				A33B06232C8B23F2004B57F3 /* Model */,
				A33B06252C8B23FD004B57F3 /* View */,
				A34362A42C8F1C72009A282B /* ViewModel */,
				A33B060F2C8B2387004B57F3 /* AppDelegate.swift */,
				A33B06112C8B2387004B57F3 /* SceneDelegate.swift */,
				A33B061A2C8B2389004B57F3 /* LaunchScreen.storyboard */,
				A3AD4A5A2C91BD9D005C6501 /* GoogleService-Info.plist */,
				A33B061D2C8B2389004B57F3 /* Info.plist */,
			);
			path = AllergyDetector;
			sourceTree = "<group>";
		};
		A33B06232C8B23F2004B57F3 /* Model */ = {
			isa = PBXGroup;
			children = (
				A33B06262C8B2439004B57F3 /* Allergy.swift */,
				A33B06292C8B2489004B57F3 /* Patient.swift */,
			);
			path = Model;
			sourceTree = "<group>";
		};
		A33B06252C8B23FD004B57F3 /* View */ = {
			isa = PBXGroup;
			children = (
				A34362A22C8F14F2009A282B /* SignViewController.swift */,
				A33B06132C8B2387004B57F3 /* PatientProfileViewController.swift */,
				A3B93CED2CAAF27D00D8F2A3 /* AllergyViewController.swift */,
				A3B93CE92CA5875C00D8F2A3 /* PatientCollectionViewCell.swift */,
				A3B93CEA2CA5875C00D8F2A3 /* PatientCollectionViewCell.xib */,
				A3B93CEF2CAC044300D8F2A3 /* AllergyTableViewCell.swift */,
				A3B93CF02CAC044300D8F2A3 /* AllergyTableViewCell.xib */,
				A33B06182C8B2389004B57F3 /* Assets.xcassets */,
				A33B06152C8B2387004B57F3 /* Main.storyboard */,
			);
			path = View;
			sourceTree = "<group>";
		};
		A34362A42C8F1C72009A282B /* ViewModel */ = {
			isa = PBXGroup;
			children = (
				A34362A52C8F1D1E009A282B /* SignViewModel.swift */,
				A34362A72C8F1D2E009A282B /* PatientProfileViewModel.swift */,
				A3B93CF32CAC06B600D8F2A3 /* AllergyViewModel.swift */,
			);
			path = ViewModel;
			sourceTree = "<group>";
		};
		DF44E39ED938D15608071367 /* Pods */ = {
			isa = PBXGroup;
			children = (
				8CCAE52697A623D9724A3529 /* Pods-AllergyDetector.debug.xcconfig */,
				982CE7DDF09BB6784364468F /* Pods-AllergyDetector.release.xcconfig */,
			);
			path = Pods;
			sourceTree = "<group>";
		};
/* End PBXGroup section */

/* Begin PBXNativeTarget section */
		A33B060B2C8B2387004B57F3 /* AllergyDetector */ = {
			isa = PBXNativeTarget;
			buildConfigurationList = A33B06202C8B2389004B57F3 /* Build configuration list for PBXNativeTarget "AllergyDetector" */;
			buildPhases = (
				FBA24F623E0340F56FAC0915 /* [CP] Check Pods Manifest.lock */,
				A33B06082C8B2387004B57F3 /* Sources */,
				A33B06092C8B2387004B57F3 /* Frameworks */,
				A33B060A2C8B2387004B57F3 /* Resources */,
				F6DCEE122B7768890FB1411F /* [CP] Embed Pods Frameworks */,
			);
			buildRules = (
			);
			dependencies = (
			);
			name = AllergyDetector;
			productName = AllergyDetector;
			productReference = A33B060C2C8B2387004B57F3 /* AllergyDetector.app */;
			productType = "com.apple.product-type.application";
		};
/* End PBXNativeTarget section */

/* Begin PBXProject section */
		A33B06042C8B2387004B57F3 /* Project object */ = {
			isa = PBXProject;
			attributes = {
				BuildIndependentTargetsInParallel = 1;
				LastSwiftUpdateCheck = 1420;
				LastUpgradeCheck = 1420;
				TargetAttributes = {
					A33B060B2C8B2387004B57F3 = {
						CreatedOnToolsVersion = 14.2;
					};
				};
			};
			buildConfigurationList = A33B06072C8B2387004B57F3 /* Build configuration list for PBXProject "AllergyDetector" */;
			compatibilityVersion = "Xcode 14.0";
			developmentRegion = en;
			hasScannedForEncodings = 0;
			knownRegions = (
				en,
				Base,
			);
			mainGroup = A33B06032C8B2387004B57F3;
			productRefGroup = A33B060D2C8B2387004B57F3 /* Products */;
			projectDirPath = "";
			projectRoot = "";
			targets = (
				A33B060B2C8B2387004B57F3 /* AllergyDetector */,
			);
		};
/* End PBXProject section */

/* Begin PBXResourcesBuildPhase section */
		A33B060A2C8B2387004B57F3 /* Resources */ = {
			isa = PBXResourcesBuildPhase;
			buildActionMask = 2147483647;
			files = (
				A33B061C2C8B2389004B57F3 /* LaunchScreen.storyboard in Resources */,
				A33B06192C8B2389004B57F3 /* Assets.xcassets in Resources */,
				A3B93CF22CAC044300D8F2A3 /* AllergyTableViewCell.xib in Resources */,
				A3AD4A5B2C91BD9D005C6501 /* GoogleService-Info.plist in Resources */,
				A33B06172C8B2387004B57F3 /* Main.storyboard in Resources */,
				A3B93CEC2CA5875C00D8F2A3 /* PatientCollectionViewCell.xib in Resources */,
			);
			runOnlyForDeploymentPostprocessing = 0;
		};
/* End PBXResourcesBuildPhase section */

/* Begin PBXShellScriptBuildPhase section */
		F6DCEE122B7768890FB1411F /* [CP] Embed Pods Frameworks */ = {
			isa = PBXShellScriptBuildPhase;
			buildActionMask = 2147483647;
			files = (
			);
			inputFileListPaths = (
				"${PODS_ROOT}/Target Support Files/Pods-AllergyDetector/Pods-AllergyDetector-frameworks-${CONFIGURATION}-input-files.xcfilelist",
			);
			name = "[CP] Embed Pods Frameworks";
			outputFileListPaths = (
				"${PODS_ROOT}/Target Support Files/Pods-AllergyDetector/Pods-AllergyDetector-frameworks-${CONFIGURATION}-output-files.xcfilelist",
			);
			runOnlyForDeploymentPostprocessing = 0;
			shellPath = /bin/sh;
			shellScript = "\"${PODS_ROOT}/Target Support Files/Pods-AllergyDetector/Pods-AllergyDetector-frameworks.sh\"\n";
			showEnvVarsInLog = 0;
		};
		FBA24F623E0340F56FAC0915 /* [CP] Check Pods Manifest.lock */ = {
			isa = PBXShellScriptBuildPhase;
			buildActionMask = 2147483647;
			files = (
			);
			inputFileListPaths = (
			);
			inputPaths = (
				"${PODS_PODFILE_DIR_PATH}/Podfile.lock",
				"${PODS_ROOT}/Manifest.lock",
			);
			name = "[CP] Check Pods Manifest.lock";
			outputFileListPaths = (
			);
			outputPaths = (
				"$(DERIVED_FILE_DIR)/Pods-AllergyDetector-checkManifestLockResult.txt",
			);
			runOnlyForDeploymentPostprocessing = 0;
			shellPath = /bin/sh;
			shellScript = "diff \"${PODS_PODFILE_DIR_PATH}/Podfile.lock\" \"${PODS_ROOT}/Manifest.lock\" > /dev/null\nif [ $? != 0 ] ; then\n    # print error to STDERR\n    echo \"error: The sandbox is not in sync with the Podfile.lock. Run 'pod install' or update your CocoaPods installation.\" >&2\n    exit 1\nfi\n# This output is used by Xcode 'outputs' to avoid re-running this script phase.\necho \"SUCCESS\" > \"${SCRIPT_OUTPUT_FILE_0}\"\n";
			showEnvVarsInLog = 0;
		};
/* End PBXShellScriptBuildPhase section */

/* Begin PBXSourcesBuildPhase section */
		A33B06082C8B2387004B57F3 /* Sources */ = {
			isa = PBXSourcesBuildPhase;
			buildActionMask = 2147483647;
			files = (
				A33B06272C8B2439004B57F3 /* Allergy.swift in Sources */,
				A33B06142C8B2387004B57F3 /* PatientProfileViewController.swift in Sources */,
				A34362A82C8F1D2E009A282B /* PatientProfileViewModel.swift in Sources */,
				A34362A32C8F14F2009A282B /* SignViewController.swift in Sources */,
				A33B06102C8B2387004B57F3 /* AppDelegate.swift in Sources */,
				A3B93CF42CAC06B600D8F2A3 /* AllergyViewModel.swift in Sources */,
				A3B93CEE2CAAF27D00D8F2A3 /* AllergyViewController.swift in Sources */,
				A3B93CEB2CA5875C00D8F2A3 /* PatientCollectionViewCell.swift in Sources */,
				A34362A62C8F1D1E009A282B /* SignViewModel.swift in Sources */,
				A33B06122C8B2387004B57F3 /* SceneDelegate.swift in Sources */,
				A33B062A2C8B2489004B57F3 /* Patient.swift in Sources */,
				A3B93CF12CAC044300D8F2A3 /* AllergyTableViewCell.swift in Sources */,
			);
			runOnlyForDeploymentPostprocessing = 0;
		};
/* End PBXSourcesBuildPhase section */

/* Begin PBXVariantGroup section */
		A33B06152C8B2387004B57F3 /* Main.storyboard */ = {
			isa = PBXVariantGroup;
			children = (
				A33B06162C8B2387004B57F3 /* Base */,
			);
			name = Main.storyboard;
			sourceTree = "<group>";
		};
		A33B061A2C8B2389004B57F3 /* LaunchScreen.storyboard */ = {
			isa = PBXVariantGroup;
			children = (
				A33B061B2C8B2389004B57F3 /* Base */,
			);
			name = LaunchScreen.storyboard;
			sourceTree = "<group>";
		};
/* End PBXVariantGroup section */

/* Begin XCBuildConfiguration section */
		A33B061E2C8B2389004B57F3 /* Debug */ = {
			isa = XCBuildConfiguration;
			buildSettings = {
				ALWAYS_SEARCH_USER_PATHS = NO;
				CLANG_ANALYZER_NONNULL = YES;
				CLANG_ANALYZER_NUMBER_OBJECT_CONVERSION = YES_AGGRESSIVE;
				CLANG_CXX_LANGUAGE_STANDARD = "gnu++20";
				CLANG_ENABLE_MODULES = YES;
				CLANG_ENABLE_OBJC_ARC = YES;
				CLANG_ENABLE_OBJC_WEAK = YES;
				CLANG_WARN_BLOCK_CAPTURE_AUTORELEASING = YES;
				CLANG_WARN_BOOL_CONVERSION = YES;
				CLANG_WARN_COMMA = YES;
				CLANG_WARN_CONSTANT_CONVERSION = YES;
				CLANG_WARN_DEPRECATED_OBJC_IMPLEMENTATIONS = YES;
				CLANG_WARN_DIRECT_OBJC_ISA_USAGE = YES_ERROR;
				CLANG_WARN_DOCUMENTATION_COMMENTS = YES;
				CLANG_WARN_EMPTY_BODY = YES;
				CLANG_WARN_ENUM_CONVERSION = YES;
				CLANG_WARN_INFINITE_RECURSION = YES;
				CLANG_WARN_INT_CONVERSION = YES;
				CLANG_WARN_NON_LITERAL_NULL_CONVERSION = YES;
				CLANG_WARN_OBJC_IMPLICIT_RETAIN_SELF = YES;
				CLANG_WARN_OBJC_LITERAL_CONVERSION = YES;
				CLANG_WARN_OBJC_ROOT_CLASS = YES_ERROR;
				CLANG_WARN_QUOTED_INCLUDE_IN_FRAMEWORK_HEADER = YES;
				CLANG_WARN_RANGE_LOOP_ANALYSIS = YES;
				CLANG_WARN_STRICT_PROTOTYPES = YES;
				CLANG_WARN_SUSPICIOUS_MOVE = YES;
				CLANG_WARN_UNGUARDED_AVAILABILITY = YES_AGGRESSIVE;
				CLANG_WARN_UNREACHABLE_CODE = YES;
				CLANG_WARN__DUPLICATE_METHOD_MATCH = YES;
				COPY_PHASE_STRIP = NO;
				DEBUG_INFORMATION_FORMAT = dwarf;
				ENABLE_STRICT_OBJC_MSGSEND = YES;
				ENABLE_TESTABILITY = YES;
				GCC_C_LANGUAGE_STANDARD = gnu11;
				GCC_DYNAMIC_NO_PIC = NO;
				GCC_NO_COMMON_BLOCKS = YES;
				GCC_OPTIMIZATION_LEVEL = 0;
				GCC_PREPROCESSOR_DEFINITIONS = (
					"DEBUG=1",
					"$(inherited)",
				);
				GCC_WARN_64_TO_32_BIT_CONVERSION = YES;
				GCC_WARN_ABOUT_RETURN_TYPE = YES_ERROR;
				GCC_WARN_UNDECLARED_SELECTOR = YES;
				GCC_WARN_UNINITIALIZED_AUTOS = YES_AGGRESSIVE;
				GCC_WARN_UNUSED_FUNCTION = YES;
				GCC_WARN_UNUSED_VARIABLE = YES;
				IPHONEOS_DEPLOYMENT_TARGET = 16.2;
				MTL_ENABLE_DEBUG_INFO = INCLUDE_SOURCE;
				MTL_FAST_MATH = YES;
				ONLY_ACTIVE_ARCH = YES;
				SDKROOT = iphoneos;
				SWIFT_ACTIVE_COMPILATION_CONDITIONS = DEBUG;
				SWIFT_OPTIMIZATION_LEVEL = "-Onone";
			};
			name = Debug;
		};
		A33B061F2C8B2389004B57F3 /* Release */ = {
			isa = XCBuildConfiguration;
			buildSettings = {
				ALWAYS_SEARCH_USER_PATHS = NO;
				CLANG_ANALYZER_NONNULL = YES;
				CLANG_ANALYZER_NUMBER_OBJECT_CONVERSION = YES_AGGRESSIVE;
				CLANG_CXX_LANGUAGE_STANDARD = "gnu++20";
				CLANG_ENABLE_MODULES = YES;
				CLANG_ENABLE_OBJC_ARC = YES;
				CLANG_ENABLE_OBJC_WEAK = YES;
				CLANG_WARN_BLOCK_CAPTURE_AUTORELEASING = YES;
				CLANG_WARN_BOOL_CONVERSION = YES;
				CLANG_WARN_COMMA = YES;
				CLANG_WARN_CONSTANT_CONVERSION = YES;
				CLANG_WARN_DEPRECATED_OBJC_IMPLEMENTATIONS = YES;
				CLANG_WARN_DIRECT_OBJC_ISA_USAGE = YES_ERROR;
				CLANG_WARN_DOCUMENTATION_COMMENTS = YES;
				CLANG_WARN_EMPTY_BODY = YES;
				CLANG_WARN_ENUM_CONVERSION = YES;
				CLANG_WARN_INFINITE_RECURSION = YES;
				CLANG_WARN_INT_CONVERSION = YES;
				CLANG_WARN_NON_LITERAL_NULL_CONVERSION = YES;
				CLANG_WARN_OBJC_IMPLICIT_RETAIN_SELF = YES;
				CLANG_WARN_OBJC_LITERAL_CONVERSION = YES;
				CLANG_WARN_OBJC_ROOT_CLASS = YES_ERROR;
				CLANG_WARN_QUOTED_INCLUDE_IN_FRAMEWORK_HEADER = YES;
				CLANG_WARN_RANGE_LOOP_ANALYSIS = YES;
				CLANG_WARN_STRICT_PROTOTYPES = YES;
				CLANG_WARN_SUSPICIOUS_MOVE = YES;
				CLANG_WARN_UNGUARDED_AVAILABILITY = YES_AGGRESSIVE;
				CLANG_WARN_UNREACHABLE_CODE = YES;
				CLANG_WARN__DUPLICATE_METHOD_MATCH = YES;
				COPY_PHASE_STRIP = NO;
				DEBUG_INFORMATION_FORMAT = "dwarf-with-dsym";
				ENABLE_NS_ASSERTIONS = NO;
				ENABLE_STRICT_OBJC_MSGSEND = YES;
				GCC_C_LANGUAGE_STANDARD = gnu11;
				GCC_NO_COMMON_BLOCKS = YES;
				GCC_WARN_64_TO_32_BIT_CONVERSION = YES;
				GCC_WARN_ABOUT_RETURN_TYPE = YES_ERROR;
				GCC_WARN_UNDECLARED_SELECTOR = YES;
				GCC_WARN_UNINITIALIZED_AUTOS = YES_AGGRESSIVE;
				GCC_WARN_UNUSED_FUNCTION = YES;
				GCC_WARN_UNUSED_VARIABLE = YES;
				IPHONEOS_DEPLOYMENT_TARGET = 16.2;
				MTL_ENABLE_DEBUG_INFO = NO;
				MTL_FAST_MATH = YES;
				SDKROOT = iphoneos;
				SWIFT_COMPILATION_MODE = wholemodule;
				SWIFT_OPTIMIZATION_LEVEL = "-O";
				VALIDATE_PRODUCT = YES;
			};
			name = Release;
		};
		A33B06212C8B2389004B57F3 /* Debug */ = {
			isa = XCBuildConfiguration;
			baseConfigurationReference = 8CCAE52697A623D9724A3529 /* Pods-AllergyDetector.debug.xcconfig */;
			buildSettings = {
				ASSETCATALOG_COMPILER_APPICON_NAME = AppIcon;
				ASSETCATALOG_COMPILER_GLOBAL_ACCENT_COLOR_NAME = AccentColor;
				CODE_SIGN_STYLE = Automatic;
				CURRENT_PROJECT_VERSION = 1;
				GENERATE_INFOPLIST_FILE = YES;
				INFOPLIST_FILE = AllergyDetector/Info.plist;
				INFOPLIST_KEY_UIApplicationSupportsIndirectInputEvents = YES;
				INFOPLIST_KEY_UILaunchStoryboardName = LaunchScreen;
				INFOPLIST_KEY_UIMainStoryboardFile = Main;
				INFOPLIST_KEY_UISupportedInterfaceOrientations_iPad = "UIInterfaceOrientationPortrait UIInterfaceOrientationPortraitUpsideDown UIInterfaceOrientationLandscapeLeft UIInterfaceOrientationLandscapeRight";
				INFOPLIST_KEY_UISupportedInterfaceOrientations_iPhone = "UIInterfaceOrientationPortrait UIInterfaceOrientationLandscapeLeft UIInterfaceOrientationLandscapeRight";
				IPHONEOS_DEPLOYMENT_TARGET = 15.0;
				LD_RUNPATH_SEARCH_PATHS = (
					"$(inherited)",
					"@executable_path/Frameworks",
				);
				MARKETING_VERSION = 1.0;
				PRODUCT_BUNDLE_IDENTIFIER = fzf.AllergyDetector;
				PRODUCT_NAME = "$(TARGET_NAME)";
				SWIFT_EMIT_LOC_STRINGS = YES;
				SWIFT_VERSION = 5.0;
				TARGETED_DEVICE_FAMILY = "1,2";
			};
			name = Debug;
		};
		A33B06222C8B2389004B57F3 /* Release */ = {
			isa = XCBuildConfiguration;
			baseConfigurationReference = 982CE7DDF09BB6784364468F /* Pods-AllergyDetector.release.xcconfig */;
			buildSettings = {
				ASSETCATALOG_COMPILER_APPICON_NAME = AppIcon;
				ASSETCATALOG_COMPILER_GLOBAL_ACCENT_COLOR_NAME = AccentColor;
				CODE_SIGN_STYLE = Automatic;
				CURRENT_PROJECT_VERSION = 1;
				GENERATE_INFOPLIST_FILE = YES;
				INFOPLIST_FILE = AllergyDetector/Info.plist;
				INFOPLIST_KEY_UIApplicationSupportsIndirectInputEvents = YES;
				INFOPLIST_KEY_UILaunchStoryboardName = LaunchScreen;
				INFOPLIST_KEY_UIMainStoryboardFile = Main;
				INFOPLIST_KEY_UISupportedInterfaceOrientations_iPad = "UIInterfaceOrientationPortrait UIInterfaceOrientationPortraitUpsideDown UIInterfaceOrientationLandscapeLeft UIInterfaceOrientationLandscapeRight";
				INFOPLIST_KEY_UISupportedInterfaceOrientations_iPhone = "UIInterfaceOrientationPortrait UIInterfaceOrientationLandscapeLeft UIInterfaceOrientationLandscapeRight";
				IPHONEOS_DEPLOYMENT_TARGET = 15.0;
				LD_RUNPATH_SEARCH_PATHS = (
					"$(inherited)",
					"@executable_path/Frameworks",
				);
				MARKETING_VERSION = 1.0;
				PRODUCT_BUNDLE_IDENTIFIER = fzf.AllergyDetector;
				PRODUCT_NAME = "$(TARGET_NAME)";
				SWIFT_EMIT_LOC_STRINGS = YES;
				SWIFT_VERSION = 5.0;
				TARGETED_DEVICE_FAMILY = "1,2";
			};
			name = Release;
		};
/* End XCBuildConfiguration section */

/* Begin XCConfigurationList section */
		A33B06072C8B2387004B57F3 /* Build configuration list for PBXProject "AllergyDetector" */ = {
			isa = XCConfigurationList;
			buildConfigurations = (
				A33B061E2C8B2389004B57F3 /* Debug */,
				A33B061F2C8B2389004B57F3 /* Release */,
			);
			defaultConfigurationIsVisible = 0;
			defaultConfigurationName = Release;
		};
		A33B06202C8B2389004B57F3 /* Build configuration list for PBXNativeTarget "AllergyDetector" */ = {
			isa = XCConfigurationList;
			buildConfigurations = (
				A33B06212C8B2389004B57F3 /* Debug */,
				A33B06222C8B2389004B57F3 /* Release */,
			);
			defaultConfigurationIsVisible = 0;
			defaultConfigurationName = Release;
		};
/* End XCConfigurationList section */
	};
	rootObject = A33B06042C8B2387004B57F3 /* Project object */;
}
